
Microsoft Visual Studio Solution File, Format Version 12.00
# Visual Studio Version 16
VisualStudioVersion = 16.0.30914.41
MinimumVisualStudioVersion = 15.0.26124.0
Project("{9A19103F-16F7-4668-BE54-9A1E7A4F7556}") = "NativeMock", "src\NativeMock\NativeMock.csproj", "{720B4C18-D76D-4D1A-83D4-20866E98DFE7}"
EndProject
Project("{9A19103F-16F7-4668-BE54-9A1E7A4F7556}") = "NativeMock.UnitTests", "tests\NativeMock.UnitTests\NativeMock.UnitTests.csproj", "{5A9FB1C5-9921-4BF4-8A99-63A861129B33}"
EndProject
Project("{9A19103F-16F7-4668-BE54-9A1E7A4F7556}") = "NativeMock.IntegrationTests", "tests\NativeMock.IntegrationTests\NativeMock.IntegrationTests.csproj", "{A69745D5-1C00-42ED-8321-0020173BBA93}"
EndProject
Project("{9A19103F-16F7-4668-BE54-9A1E7A4F7556}") = "NativeMock.Analyzer", "src\NativeMock.Analyzer\NativeMock.Analyzer.csproj", "{83C6233B-C7CD-40D4-8503-519C3AA58D42}"
EndProject
Project("{9A19103F-16F7-4668-BE54-9A1E7A4F7556}") = "NativeMock.Analyzer.CodeFixes", "src\NativeMock.Analyzer.CodeFixes\NativeMock.Analyzer.CodeFixes.csproj", "{CE0D0739-D97D-40C7-89E5-CD094344EC12}"
EndProject
Project("{9A19103F-16F7-4668-BE54-9A1E7A4F7556}") = "NativeMock.Analyzer.Test", "tests\NativeMock.Analyzer.Test\NativeMock.Analyzer.Test.csproj", "{EBAC5B11-024C-4605-BD8A-60775FDEAA49}"
EndProject
Project("{9A19103F-16F7-4668-BE54-9A1E7A4F7556}") = "NativeMock.Analyzer.TestAssembly", "tests\NativeMock.Analyzer.TestAssembly\NativeMock.Analyzer.TestAssembly.csproj", "{A805753C-7F20-4B42-970F-3910B2147069}"
EndProject
Project("{9A19103F-16F7-4668-BE54-9A1E7A4F7556}") = "NativeMock.SourceGenerator", "src\NativeMock.SourceGenerator\NativeMock.SourceGenerator.csproj", "{D977C879-1F54-4117-AA65-91CEA27541C8}"
EndProject
Project("{9A19103F-16F7-4668-BE54-9A1E7A4F7556}") = "NativeMock.SourceGenerator.Test", "tests\NativeMock.SourceGenerator.Test\NativeMock.SourceGenerator.Test.csproj", "{7059C4F5-DC6D-43B5-96E0-3E0E10D5F959}"
EndProject
Project("{2150E333-8FDC-42A3-9474-1A3956D46DE8}") = "src", "src", "{FDF2521A-1899-47E8-A071-31C5E9995965}"
EndProject
Project("{2150E333-8FDC-42A3-9474-1A3956D46DE8}") = "tests", "tests", "{15E4E758-8233-4B53-8529-89D9E207076F}"
EndProject
Project("{9A19103F-16F7-4668-BE54-9A1E7A4F7556}") = "_build", "build\_build.csproj", "{0E486C93-3792-48C9-A273-BC0BC66E8146}"
EndProject
Project("{2150E333-8FDC-42A3-9474-1A3956D46DE8}") = "build", "build", "{DF9A98C1-ECB9-4B17-9428-2D1FAC002583}"
EndProject
Global
	GlobalSection(SolutionConfigurationPlatforms) = preSolution
		Debug|Any CPU = Debug|Any CPU
		Release|Any CPU = Release|Any CPU
	EndGlobalSection
	GlobalSection(ProjectConfigurationPlatforms) = postSolution
		{720B4C18-D76D-4D1A-83D4-20866E98DFE7}.Debug|Any CPU.ActiveCfg = Debug|Any CPU
		{720B4C18-D76D-4D1A-83D4-20866E98DFE7}.Debug|Any CPU.Build.0 = Debug|Any CPU
		{720B4C18-D76D-4D1A-83D4-20866E98DFE7}.Release|Any CPU.ActiveCfg = Release|Any CPU
		{720B4C18-D76D-4D1A-83D4-20866E98DFE7}.Release|Any CPU.Build.0 = Release|Any CPU
		{5A9FB1C5-9921-4BF4-8A99-63A861129B33}.Release|Any CPU.ActiveCfg = Release|Any CPU
		{5A9FB1C5-9921-4BF4-8A99-63A861129B33}.Release|Any CPU.Build.0 = Release|Any CPU
		{5A9FB1C5-9921-4BF4-8A99-63A861129B33}.Debug|Any CPU.ActiveCfg = Debug|Any CPU
		{5A9FB1C5-9921-4BF4-8A99-63A861129B33}.Debug|Any CPU.Build.0 = Debug|Any CPU
		{83C6233B-C7CD-40D4-8503-519C3AA58D42}.Debug|Any CPU.ActiveCfg = Debug|Any CPU
		{83C6233B-C7CD-40D4-8503-519C3AA58D42}.Debug|Any CPU.Build.0 = Debug|Any CPU
		{83C6233B-C7CD-40D4-8503-519C3AA58D42}.Release|Any CPU.ActiveCfg = Release|Any CPU
		{83C6233B-C7CD-40D4-8503-519C3AA58D42}.Release|Any CPU.Build.0 = Release|Any CPU
		{CE0D0739-D97D-40C7-89E5-CD094344EC12}.Debug|Any CPU.ActiveCfg = Debug|Any CPU
		{CE0D0739-D97D-40C7-89E5-CD094344EC12}.Debug|Any CPU.Build.0 = Debug|Any CPU
		{CE0D0739-D97D-40C7-89E5-CD094344EC12}.Release|Any CPU.ActiveCfg = Release|Any CPU
		{CE0D0739-D97D-40C7-89E5-CD094344EC12}.Release|Any CPU.Build.0 = Release|Any CPU
		{EBAC5B11-024C-4605-BD8A-60775FDEAA49}.Debug|Any CPU.ActiveCfg = Debug|Any CPU
		{EBAC5B11-024C-4605-BD8A-60775FDEAA49}.Debug|Any CPU.Build.0 = Debug|Any CPU
		{EBAC5B11-024C-4605-BD8A-60775FDEAA49}.Release|Any CPU.ActiveCfg = Release|Any CPU
		{EBAC5B11-024C-4605-BD8A-60775FDEAA49}.Release|Any CPU.Build.0 = Release|Any CPU
		{A805753C-7F20-4B42-970F-3910B2147069}.Debug|Any CPU.ActiveCfg = Debug|Any CPU
		{A805753C-7F20-4B42-970F-3910B2147069}.Debug|Any CPU.Build.0 = Debug|Any CPU
		{A805753C-7F20-4B42-970F-3910B2147069}.Release|Any CPU.ActiveCfg = Release|Any CPU
		{A805753C-7F20-4B42-970F-3910B2147069}.Release|Any CPU.Build.0 = Release|Any CPU
		{D977C879-1F54-4117-AA65-91CEA27541C8}.Debug|Any CPU.ActiveCfg = Debug|Any CPU
		{D977C879-1F54-4117-AA65-91CEA27541C8}.Debug|Any CPU.Build.0 = Debug|Any CPU
		{D977C879-1F54-4117-AA65-91CEA27541C8}.Release|Any CPU.ActiveCfg = Release|Any CPU
		{D977C879-1F54-4117-AA65-91CEA27541C8}.Release|Any CPU.Build.0 = Release|Any CPU
		{7059C4F5-DC6D-43B5-96E0-3E0E10D5F959}.Debug|Any CPU.ActiveCfg = Debug|Any CPU
		{7059C4F5-DC6D-43B5-96E0-3E0E10D5F959}.Debug|Any CPU.Build.0 = Debug|Any CPU
		{7059C4F5-DC6D-43B5-96E0-3E0E10D5F959}.Release|Any CPU.ActiveCfg = Release|Any CPU
		{7059C4F5-DC6D-43B5-96E0-3E0E10D5F959}.Release|Any CPU.Build.0 = Release|Any CPU
		{0E486C93-3792-48C9-A273-BC0BC66E8146}.Debug|Any CPU.ActiveCfg = Debug|Any CPU
		{0E486C93-3792-48C9-A273-BC0BC66E8146}.Release|Any CPU.ActiveCfg = Release|Any CPU
		{A69745D5-1C00-42ED-8321-0020173BBA93}.Debug|Any CPU.ActiveCfg = Debug|Any CPU
		{A69745D5-1C00-42ED-8321-0020173BBA93}.Debug|Any CPU.Build.0 = Debug|Any CPU
		{A69745D5-1C00-42ED-8321-0020173BBA93}.Release|Any CPU.ActiveCfg = Release|Any CPU
		{A69745D5-1C00-42ED-8321-0020173BBA93}.Release|Any CPU.Build.0 = Release|Any CPU
	EndGlobalSection
	GlobalSection(SolutionProperties) = preSolution
		HideSolutionNode = FALSE
	EndGlobalSection
	GlobalSection(NestedProjects) = preSolution
		{720B4C18-D76D-4D1A-83D4-20866E98DFE7} = {FDF2521A-1899-47E8-A071-31C5E9995965}
		{5A9FB1C5-9921-4BF4-8A99-63A861129B33} = {15E4E758-8233-4B53-8529-89D9E207076F}
		{A69745D5-1C00-42ED-8321-0020173BBA93} = {15E4E758-8233-4B53-8529-89D9E207076F}
		{83C6233B-C7CD-40D4-8503-519C3AA58D42} = {FDF2521A-1899-47E8-A071-31C5E9995965}
		{CE0D0739-D97D-40C7-89E5-CD094344EC12} = {FDF2521A-1899-47E8-A071-31C5E9995965}
		{EBAC5B11-024C-4605-BD8A-60775FDEAA49} = {15E4E758-8233-4B53-8529-89D9E207076F}
		{A805753C-7F20-4B42-970F-3910B2147069} = {15E4E758-8233-4B53-8529-89D9E207076F}
		{D977C879-1F54-4117-AA65-91CEA27541C8} = {FDF2521A-1899-47E8-A071-31C5E9995965}
		{7059C4F5-DC6D-43B5-96E0-3E0E10D5F959} = {15E4E758-8233-4B53-8529-89D9E207076F}
		{0E486C93-3792-48C9-A273-BC0BC66E8146} = {DF9A98C1-ECB9-4B17-9428-2D1FAC002583}
	EndGlobalSection
	GlobalSection(ExtensibilityGlobals) = postSolution
		SolutionGuid = {39E87F74-DF99-4944-8B69-7FF09049E673}
	EndGlobalSection
EndGlobal
