
Microsoft Visual Studio Solution File, Format Version 12.00
# Visual Studio Version 16
VisualStudioVersion = 16.0.30914.41
MinimumVisualStudioVersion = 15.0.26124.0
Project("{9A19103F-16F7-4668-BE54-9A1E7A4F7556}") = "NativeMock", "NativeMock\NativeMock.csproj", "{720B4C18-D76D-4D1A-83D4-20866E98DFE7}"
EndProject
Project("{9A19103F-16F7-4668-BE54-9A1E7A4F7556}") = "NativeMock.UnitTests", "NativeMock.UnitTests\NativeMock.UnitTests.csproj", "{5A9FB1C5-9921-4BF4-8A99-63A861129B33}"
EndProject
Project("{9A19103F-16F7-4668-BE54-9A1E7A4F7556}") = "NativeMock.IntegrationTests", "NativeMock.IntegrationTests\NativeMock.IntegrationTests.csproj", "{A69745D5-1C00-42ED-8321-0020173BBA93}"
EndProject
Project("{9A19103F-16F7-4668-BE54-9A1E7A4F7556}") = "NativeMock.Analyzer", "NativeMock.Analyzer\NativeMock.Analyzer.csproj", "{83C6233B-C7CD-40D4-8503-519C3AA58D42}"
EndProject
Project("{9A19103F-16F7-4668-BE54-9A1E7A4F7556}") = "NativeMock.Analyzer.CodeFixes", "NativeMock.Analyzer.CodeFixes\NativeMock.Analyzer.CodeFixes.csproj", "{CE0D0739-D97D-40C7-89E5-CD094344EC12}"
EndProject
Project("{9A19103F-16F7-4668-BE54-9A1E7A4F7556}") = "NativeMock.Analyzer.Test", "NativeMock.Analyzer.Test\NativeMock.Analyzer.Test.csproj", "{EBAC5B11-024C-4605-BD8A-60775FDEAA49}"
EndProject
Project("{9A19103F-16F7-4668-BE54-9A1E7A4F7556}") = "NativeMock.Analyzer.Vsix", "NativeMock.Analyzer.Vsix\NativeMock.Analyzer.Vsix.csproj", "{4825E6DA-9091-423B-905B-B1766128F1E5}"
EndProject
Project("{9A19103F-16F7-4668-BE54-9A1E7A4F7556}") = "NativeMock.Analyzer.TestAssembly", "NativeMock.Analyzer.TestAssembly\NativeMock.Analyzer.TestAssembly.csproj", "{A805753C-7F20-4B42-970F-3910B2147069}"
EndProject
Project("{8BC9CEB8-8B4A-11D0-8D11-00A0C91BC942}") = "NativeMock.IntegrationTests.Driver", "NativeMock.IntegrationTests.Driver\NativeMock.IntegrationTests.Driver.vcxproj", "{2A0FFA35-58F4-48B1-936B-B1897B417926}"
EndProject
Global
	GlobalSection(SolutionConfigurationPlatforms) = preSolution
		Debug|Any CPU = Debug|Any CPU
		Debug|x64 = Debug|x64
		Debug|x86 = Debug|x86
		Release|Any CPU = Release|Any CPU
		Release|x64 = Release|x64
		Release|x86 = Release|x86
	EndGlobalSection
	GlobalSection(ProjectConfigurationPlatforms) = postSolution
		{720B4C18-D76D-4D1A-83D4-20866E98DFE7}.Debug|Any CPU.ActiveCfg = Debug|Any CPU
		{720B4C18-D76D-4D1A-83D4-20866E98DFE7}.Debug|Any CPU.Build.0 = Debug|Any CPU
		{720B4C18-D76D-4D1A-83D4-20866E98DFE7}.Debug|x64.ActiveCfg = Debug|Any CPU
		{720B4C18-D76D-4D1A-83D4-20866E98DFE7}.Debug|x64.Build.0 = Debug|Any CPU
		{720B4C18-D76D-4D1A-83D4-20866E98DFE7}.Debug|x86.ActiveCfg = Debug|Any CPU
		{720B4C18-D76D-4D1A-83D4-20866E98DFE7}.Debug|x86.Build.0 = Debug|Any CPU
		{720B4C18-D76D-4D1A-83D4-20866E98DFE7}.Release|Any CPU.ActiveCfg = Release|Any CPU
		{720B4C18-D76D-4D1A-83D4-20866E98DFE7}.Release|Any CPU.Build.0 = Release|Any CPU
		{720B4C18-D76D-4D1A-83D4-20866E98DFE7}.Release|x64.ActiveCfg = Release|x64
		{720B4C18-D76D-4D1A-83D4-20866E98DFE7}.Release|x64.Build.0 = Release|x64
		{720B4C18-D76D-4D1A-83D4-20866E98DFE7}.Release|x86.ActiveCfg = Release|Any CPU
		{720B4C18-D76D-4D1A-83D4-20866E98DFE7}.Release|x86.Build.0 = Release|Any CPU
		{5A9FB1C5-9921-4BF4-8A99-63A861129B33}.Debug|Any CPU.ActiveCfg = Debug|x64
		{5A9FB1C5-9921-4BF4-8A99-63A861129B33}.Debug|Any CPU.Build.0 = Debug|x64
		{5A9FB1C5-9921-4BF4-8A99-63A861129B33}.Debug|x64.ActiveCfg = Debug|x64
		{5A9FB1C5-9921-4BF4-8A99-63A861129B33}.Debug|x64.Build.0 = Debug|x64
		{5A9FB1C5-9921-4BF4-8A99-63A861129B33}.Debug|x86.ActiveCfg = Debug|x86
		{5A9FB1C5-9921-4BF4-8A99-63A861129B33}.Debug|x86.Build.0 = Debug|x86
		{5A9FB1C5-9921-4BF4-8A99-63A861129B33}.Release|Any CPU.ActiveCfg = Release|Any CPU
		{5A9FB1C5-9921-4BF4-8A99-63A861129B33}.Release|Any CPU.Build.0 = Release|Any CPU
		{5A9FB1C5-9921-4BF4-8A99-63A861129B33}.Release|x64.ActiveCfg = Release|Any CPU
		{5A9FB1C5-9921-4BF4-8A99-63A861129B33}.Release|x64.Build.0 = Release|Any CPU
		{5A9FB1C5-9921-4BF4-8A99-63A861129B33}.Release|x86.ActiveCfg = Release|Any CPU
		{5A9FB1C5-9921-4BF4-8A99-63A861129B33}.Release|x86.Build.0 = Release|Any CPU
		{A69745D5-1C00-42ED-8321-0020173BBA93}.Debug|Any CPU.ActiveCfg = Debug|x64
		{A69745D5-1C00-42ED-8321-0020173BBA93}.Debug|Any CPU.Build.0 = Debug|x64
		{A69745D5-1C00-42ED-8321-0020173BBA93}.Debug|x64.ActiveCfg = Debug|x64
		{A69745D5-1C00-42ED-8321-0020173BBA93}.Debug|x64.Build.0 = Debug|x64
		{A69745D5-1C00-42ED-8321-0020173BBA93}.Debug|x86.ActiveCfg = Debug|x86
		{A69745D5-1C00-42ED-8321-0020173BBA93}.Debug|x86.Build.0 = Debug|x86
		{A69745D5-1C00-42ED-8321-0020173BBA93}.Release|Any CPU.ActiveCfg = Release|Any CPU
		{A69745D5-1C00-42ED-8321-0020173BBA93}.Release|Any CPU.Build.0 = Release|Any CPU
		{A69745D5-1C00-42ED-8321-0020173BBA93}.Release|x64.ActiveCfg = Release|Any CPU
		{A69745D5-1C00-42ED-8321-0020173BBA93}.Release|x64.Build.0 = Release|Any CPU
		{A69745D5-1C00-42ED-8321-0020173BBA93}.Release|x86.ActiveCfg = Release|Any CPU
		{A69745D5-1C00-42ED-8321-0020173BBA93}.Release|x86.Build.0 = Release|Any CPU
		{83C6233B-C7CD-40D4-8503-519C3AA58D42}.Debug|Any CPU.ActiveCfg = Debug|Any CPU
		{83C6233B-C7CD-40D4-8503-519C3AA58D42}.Debug|Any CPU.Build.0 = Debug|Any CPU
		{83C6233B-C7CD-40D4-8503-519C3AA58D42}.Debug|x64.ActiveCfg = Debug|Any CPU
		{83C6233B-C7CD-40D4-8503-519C3AA58D42}.Debug|x64.Build.0 = Debug|Any CPU
		{83C6233B-C7CD-40D4-8503-519C3AA58D42}.Debug|x86.ActiveCfg = Debug|Any CPU
		{83C6233B-C7CD-40D4-8503-519C3AA58D42}.Debug|x86.Build.0 = Debug|Any CPU
		{83C6233B-C7CD-40D4-8503-519C3AA58D42}.Release|Any CPU.ActiveCfg = Release|Any CPU
		{83C6233B-C7CD-40D4-8503-519C3AA58D42}.Release|Any CPU.Build.0 = Release|Any CPU
		{83C6233B-C7CD-40D4-8503-519C3AA58D42}.Release|x64.ActiveCfg = Release|Any CPU
		{83C6233B-C7CD-40D4-8503-519C3AA58D42}.Release|x64.Build.0 = Release|Any CPU
		{83C6233B-C7CD-40D4-8503-519C3AA58D42}.Release|x86.ActiveCfg = Release|Any CPU
		{83C6233B-C7CD-40D4-8503-519C3AA58D42}.Release|x86.Build.0 = Release|Any CPU
		{CE0D0739-D97D-40C7-89E5-CD094344EC12}.Debug|Any CPU.ActiveCfg = Debug|Any CPU
		{CE0D0739-D97D-40C7-89E5-CD094344EC12}.Debug|Any CPU.Build.0 = Debug|Any CPU
		{CE0D0739-D97D-40C7-89E5-CD094344EC12}.Debug|x64.ActiveCfg = Debug|Any CPU
		{CE0D0739-D97D-40C7-89E5-CD094344EC12}.Debug|x64.Build.0 = Debug|Any CPU
		{CE0D0739-D97D-40C7-89E5-CD094344EC12}.Debug|x86.ActiveCfg = Debug|Any CPU
		{CE0D0739-D97D-40C7-89E5-CD094344EC12}.Debug|x86.Build.0 = Debug|Any CPU
		{CE0D0739-D97D-40C7-89E5-CD094344EC12}.Release|Any CPU.ActiveCfg = Release|Any CPU
		{CE0D0739-D97D-40C7-89E5-CD094344EC12}.Release|Any CPU.Build.0 = Release|Any CPU
		{CE0D0739-D97D-40C7-89E5-CD094344EC12}.Release|x64.ActiveCfg = Release|Any CPU
		{CE0D0739-D97D-40C7-89E5-CD094344EC12}.Release|x64.Build.0 = Release|Any CPU
		{CE0D0739-D97D-40C7-89E5-CD094344EC12}.Release|x86.ActiveCfg = Release|Any CPU
		{CE0D0739-D97D-40C7-89E5-CD094344EC12}.Release|x86.Build.0 = Release|Any CPU
		{EBAC5B11-024C-4605-BD8A-60775FDEAA49}.Debug|Any CPU.ActiveCfg = Debug|Any CPU
		{EBAC5B11-024C-4605-BD8A-60775FDEAA49}.Debug|Any CPU.Build.0 = Debug|Any CPU
		{EBAC5B11-024C-4605-BD8A-60775FDEAA49}.Debug|x64.ActiveCfg = Debug|Any CPU
		{EBAC5B11-024C-4605-BD8A-60775FDEAA49}.Debug|x64.Build.0 = Debug|Any CPU
		{EBAC5B11-024C-4605-BD8A-60775FDEAA49}.Debug|x86.ActiveCfg = Debug|Any CPU
		{EBAC5B11-024C-4605-BD8A-60775FDEAA49}.Debug|x86.Build.0 = Debug|Any CPU
		{EBAC5B11-024C-4605-BD8A-60775FDEAA49}.Release|Any CPU.ActiveCfg = Release|Any CPU
		{EBAC5B11-024C-4605-BD8A-60775FDEAA49}.Release|Any CPU.Build.0 = Release|Any CPU
		{EBAC5B11-024C-4605-BD8A-60775FDEAA49}.Release|x64.ActiveCfg = Release|Any CPU
		{EBAC5B11-024C-4605-BD8A-60775FDEAA49}.Release|x64.Build.0 = Release|Any CPU
		{EBAC5B11-024C-4605-BD8A-60775FDEAA49}.Release|x86.ActiveCfg = Release|Any CPU
		{EBAC5B11-024C-4605-BD8A-60775FDEAA49}.Release|x86.Build.0 = Release|Any CPU
		{4825E6DA-9091-423B-905B-B1766128F1E5}.Debug|Any CPU.ActiveCfg = Debug|Any CPU
		{4825E6DA-9091-423B-905B-B1766128F1E5}.Debug|Any CPU.Build.0 = Debug|Any CPU
		{4825E6DA-9091-423B-905B-B1766128F1E5}.Debug|x64.ActiveCfg = Debug|Any CPU
		{4825E6DA-9091-423B-905B-B1766128F1E5}.Debug|x64.Build.0 = Debug|Any CPU
		{4825E6DA-9091-423B-905B-B1766128F1E5}.Debug|x86.ActiveCfg = Debug|Any CPU
		{4825E6DA-9091-423B-905B-B1766128F1E5}.Debug|x86.Build.0 = Debug|Any CPU
		{4825E6DA-9091-423B-905B-B1766128F1E5}.Release|Any CPU.ActiveCfg = Release|Any CPU
		{4825E6DA-9091-423B-905B-B1766128F1E5}.Release|Any CPU.Build.0 = Release|Any CPU
		{4825E6DA-9091-423B-905B-B1766128F1E5}.Release|x64.ActiveCfg = Release|Any CPU
		{4825E6DA-9091-423B-905B-B1766128F1E5}.Release|x64.Build.0 = Release|Any CPU
		{4825E6DA-9091-423B-905B-B1766128F1E5}.Release|x86.ActiveCfg = Release|Any CPU
		{4825E6DA-9091-423B-905B-B1766128F1E5}.Release|x86.Build.0 = Release|Any CPU
		{A805753C-7F20-4B42-970F-3910B2147069}.Debug|Any CPU.ActiveCfg = Debug|Any CPU
		{A805753C-7F20-4B42-970F-3910B2147069}.Debug|Any CPU.Build.0 = Debug|Any CPU
		{A805753C-7F20-4B42-970F-3910B2147069}.Debug|x64.ActiveCfg = Debug|Any CPU
		{A805753C-7F20-4B42-970F-3910B2147069}.Debug|x64.Build.0 = Debug|Any CPU
		{A805753C-7F20-4B42-970F-3910B2147069}.Debug|x86.ActiveCfg = Debug|Any CPU
		{A805753C-7F20-4B42-970F-3910B2147069}.Debug|x86.Build.0 = Debug|Any CPU
		{A805753C-7F20-4B42-970F-3910B2147069}.Release|Any CPU.ActiveCfg = Release|Any CPU
		{A805753C-7F20-4B42-970F-3910B2147069}.Release|Any CPU.Build.0 = Release|Any CPU
		{A805753C-7F20-4B42-970F-3910B2147069}.Release|x64.ActiveCfg = Release|Any CPU
		{A805753C-7F20-4B42-970F-3910B2147069}.Release|x64.Build.0 = Release|Any CPU
		{A805753C-7F20-4B42-970F-3910B2147069}.Release|x86.ActiveCfg = Release|Any CPU
		{A805753C-7F20-4B42-970F-3910B2147069}.Release|x86.Build.0 = Release|Any CPU
		{2A0FFA35-58F4-48B1-936B-B1897B417926}.Debug|Any CPU.ActiveCfg = Debug|x64
		{2A0FFA35-58F4-48B1-936B-B1897B417926}.Debug|Any CPU.Build.0 = Debug|x64
		{2A0FFA35-58F4-48B1-936B-B1897B417926}.Debug|x64.ActiveCfg = Debug|x64
		{2A0FFA35-58F4-48B1-936B-B1897B417926}.Debug|x64.Build.0 = Debug|x64
		{2A0FFA35-58F4-48B1-936B-B1897B417926}.Debug|x86.ActiveCfg = Debug|Win32
		{2A0FFA35-58F4-48B1-936B-B1897B417926}.Debug|x86.Build.0 = Debug|Win32
		{2A0FFA35-58F4-48B1-936B-B1897B417926}.Release|Any CPU.ActiveCfg = Release|Win32
		{2A0FFA35-58F4-48B1-936B-B1897B417926}.Release|x64.ActiveCfg = Release|x64
		{2A0FFA35-58F4-48B1-936B-B1897B417926}.Release|x64.Build.0 = Release|x64
		{2A0FFA35-58F4-48B1-936B-B1897B417926}.Release|x86.ActiveCfg = Release|Win32
		{2A0FFA35-58F4-48B1-936B-B1897B417926}.Release|x86.Build.0 = Release|Win32
	EndGlobalSection
	GlobalSection(SolutionProperties) = preSolution
		HideSolutionNode = FALSE
	EndGlobalSection
	GlobalSection(ExtensibilityGlobals) = postSolution
		SolutionGuid = {39E87F74-DF99-4944-8B69-7FF09049E673}
	EndGlobalSection
EndGlobal
